
Microsoft Visual Studio Solution File, Format Version 10.00
# Visual Studio 2008
Project("{8BC9CEB8-8B4A-11D0-8D11-00A0C91BC942}") = "BridgeLink", "BridgeLink.vcproj", "{64DB12F5-FF88-497F-9150-AEDC5C924D6A}"
	ProjectSection(ProjectDependencies) = postProject
		{B8979601-544D-41D7-A6A2-20A03E2473A4} = {B8979601-544D-41D7-A6A2-20A03E2473A4}
		{A29F3C02-AF58-4E29-A791-CAA5A1CE28B6} = {A29F3C02-AF58-4E29-A791-CAA5A1CE28B6}
		{13860D0C-A73B-4EA6-BCE6-5F84FC9BBCE8} = {13860D0C-A73B-4EA6-BCE6-5F84FC9BBCE8}
		{E8657E0C-0DAD-4ABD-A464-7A8E8B890E6F} = {E8657E0C-0DAD-4ABD-A464-7A8E8B890E6F}
		{FF666915-FC29-4B0E-9EDA-2945C9241115} = {FF666915-FC29-4B0E-9EDA-2945C9241115}
		{7253D020-A179-45CB-B8E1-AEB359920214} = {7253D020-A179-45CB-B8E1-AEB359920214}
		{57419822-088F-4E75-9542-1EAAE2DF49CE} = {57419822-088F-4E75-9542-1EAAE2DF49CE}
		{84AAAD2E-2039-4922-9124-18852C5616F1} = {84AAAD2E-2039-4922-9124-18852C5616F1}
		{69436331-72BB-4359-9BCA-61BA092D2516} = {69436331-72BB-4359-9BCA-61BA092D2516}
		{3282AC39-1BEB-4C8E-8FA0-2E3F4CC1BB45} = {3282AC39-1BEB-4C8E-8FA0-2E3F4CC1BB45}
		{2055203D-02FC-4D11-BDF0-411E9F465E93} = {2055203D-02FC-4D11-BDF0-411E9F465E93}
		{8042F343-0709-45CC-90A6-97BE1A70FC37} = {8042F343-0709-45CC-90A6-97BE1A70FC37}
		{69BE1B6C-489E-4103-8E2E-82D2EF3258E5} = {69BE1B6C-489E-4103-8E2E-82D2EF3258E5}
		{EA3BF272-0798-41E6-9A93-36392910E839} = {EA3BF272-0798-41E6-9A93-36392910E839}
		{BCA09A79-0AFE-4990-AFB9-C33D3EB2015D} = {BCA09A79-0AFE-4990-AFB9-C33D3EB2015D}
		{30DD6886-34BA-48BD-9BB6-08E8CD79CAD7} = {30DD6886-34BA-48BD-9BB6-08E8CD79CAD7}
		{663EFF8C-1286-4E41-B18A-73039BD7D544} = {663EFF8C-1286-4E41-B18A-73039BD7D544}
		{110FA49D-BF76-4C7F-8765-C9E02284F901} = {110FA49D-BF76-4C7F-8765-C9E02284F901}
		{A69BD69E-07D6-4326-B25A-938BEC2BB378} = {A69BD69E-07D6-4326-B25A-938BEC2BB378}
		{3D4395A4-6DA8-40B5-BD41-C21104290B15} = {3D4395A4-6DA8-40B5-BD41-C21104290B15}
		{4A38B3B0-7C87-40E8-BF6A-9D1B4051FF71} = {4A38B3B0-7C87-40E8-BF6A-9D1B4051FF71}
		{E9ACC1B7-6DE0-492E-A16B-0E5075074116} = {E9ACC1B7-6DE0-492E-A16B-0E5075074116}
		{716009BE-959B-4338-80F5-69ABB0B12A91} = {716009BE-959B-4338-80F5-69ABB0B12A91}
		{ECC654CE-C51A-4CFB-AD3D-1E07ED946FA5} = {ECC654CE-C51A-4CFB-AD3D-1E07ED946FA5}
		{3DBE87D2-CEED-457B-B345-7748084D947D} = {3DBE87D2-CEED-457B-B345-7748084D947D}
		{1F6A68D3-4747-4DBC-9B22-2151A5A9107B} = {1F6A68D3-4747-4DBC-9B22-2151A5A9107B}
		{8CD71BD6-5888-45A3-B49A-03090213E17E} = {8CD71BD6-5888-45A3-B49A-03090213E17E}
	EndProjectSection
EndProject
Project("{8BC9CEB8-8B4A-11D0-8D11-00A0C91BC942}") = "IEPluginExample", "..\IEPluginExample\IEPluginExample.vcproj", "{BCA09A79-0AFE-4990-AFB9-C33D3EB2015D}"
	ProjectSection(ProjectDependencies) = postProject
		{716009BE-959B-4338-80F5-69ABB0B12A91} = {716009BE-959B-4338-80F5-69ABB0B12A91}
	EndProjectSection
EndProject
Project("{8BC9CEB8-8B4A-11D0-8D11-00A0C91BC942}") = "AnalysisAgent", "..\PGSuper\AnalysisAgent\AnalysisAgent.vcproj", "{13860D0C-A73B-4EA6-BCE6-5F84FC9BBCE8}"
	ProjectSection(ProjectDependencies) = postProject
		{3D4395A4-6DA8-40B5-BD41-C21104290B15} = {3D4395A4-6DA8-40B5-BD41-C21104290B15}
		{716009BE-959B-4338-80F5-69ABB0B12A91} = {716009BE-959B-4338-80F5-69ABB0B12A91}
	EndProjectSection
EndProject
Project("{8BC9CEB8-8B4A-11D0-8D11-00A0C91BC942}") = "PGSuperBeams", "..\PGSuper\Beams\Beams.vcproj", "{3DBE87D2-CEED-457B-B345-7748084D947D}"
	ProjectSection(ProjectDependencies) = postProject
		{716009BE-959B-4338-80F5-69ABB0B12A91} = {716009BE-959B-4338-80F5-69ABB0B12A91}
	EndProjectSection
EndProject
Project("{8BC9CEB8-8B4A-11D0-8D11-00A0C91BC942}") = "BridgeAgent", "..\PGSuper\BridgeAgent\BridgeAgent.vcproj", "{69BE1B6C-489E-4103-8E2E-82D2EF3258E5}"
EndProject
Project("{8BC9CEB8-8B4A-11D0-8D11-00A0C91BC942}") = "EngAgent", "..\PGSuper\EngAgent\EngAgent.vcproj", "{B8979601-544D-41D7-A6A2-20A03E2473A4}"
	ProjectSection(ProjectDependencies) = postProject
		{4A38B3B0-7C87-40E8-BF6A-9D1B4051FF71} = {4A38B3B0-7C87-40E8-BF6A-9D1B4051FF71}
		{716009BE-959B-4338-80F5-69ABB0B12A91} = {716009BE-959B-4338-80F5-69ABB0B12A91}
	EndProjectSection
EndProject
Project("{8BC9CEB8-8B4A-11D0-8D11-00A0C91BC942}") = "Graphing", "..\PGSuper\Graphing\Graphing.vcproj", "{A29F3C02-AF58-4E29-A791-CAA5A1CE28B6}"
	ProjectSection(ProjectDependencies) = postProject
		{716009BE-959B-4338-80F5-69ABB0B12A91} = {716009BE-959B-4338-80F5-69ABB0B12A91}
	EndProjectSection
EndProject
Project("{8BC9CEB8-8B4A-11D0-8D11-00A0C91BC942}") = "GraphingAgent", "..\PGSuper\GraphingAgent\GraphingAgent.vcproj", "{30DD6886-34BA-48BD-9BB6-08E8CD79CAD7}"
	ProjectSection(ProjectDependencies) = postProject
		{A29F3C02-AF58-4E29-A791-CAA5A1CE28B6} = {A29F3C02-AF58-4E29-A791-CAA5A1CE28B6}
	EndProjectSection
EndProject
Project("{8BC9CEB8-8B4A-11D0-8D11-00A0C91BC942}") = "PGSuperExt", "..\PGSuper\PgsExt\PgsExt.vcproj", "{716009BE-959B-4338-80F5-69ABB0B12A91}"
	ProjectSection(ProjectDependencies) = postProject
		{3D4395A4-6DA8-40B5-BD41-C21104290B15} = {3D4395A4-6DA8-40B5-BD41-C21104290B15}
	EndProjectSection
EndProject
Project("{8BC9CEB8-8B4A-11D0-8D11-00A0C91BC942}") = "PGSuperAppPlugin", "..\PGSuper\PGSuperAppPlugin\PGSuperAppPlugin.vcproj", "{2055203D-02FC-4D11-BDF0-411E9F465E93}"
	ProjectSection(ProjectDependencies) = postProject
		{B8979601-544D-41D7-A6A2-20A03E2473A4} = {B8979601-544D-41D7-A6A2-20A03E2473A4}
		{A29F3C02-AF58-4E29-A791-CAA5A1CE28B6} = {A29F3C02-AF58-4E29-A791-CAA5A1CE28B6}
		{13860D0C-A73B-4EA6-BCE6-5F84FC9BBCE8} = {13860D0C-A73B-4EA6-BCE6-5F84FC9BBCE8}
		{E8657E0C-0DAD-4ABD-A464-7A8E8B890E6F} = {E8657E0C-0DAD-4ABD-A464-7A8E8B890E6F}
		{57419822-088F-4E75-9542-1EAAE2DF49CE} = {57419822-088F-4E75-9542-1EAAE2DF49CE}
		{69436331-72BB-4359-9BCA-61BA092D2516} = {69436331-72BB-4359-9BCA-61BA092D2516}
		{8042F343-0709-45CC-90A6-97BE1A70FC37} = {8042F343-0709-45CC-90A6-97BE1A70FC37}
		{69BE1B6C-489E-4103-8E2E-82D2EF3258E5} = {69BE1B6C-489E-4103-8E2E-82D2EF3258E5}
		{EA3BF272-0798-41E6-9A93-36392910E839} = {EA3BF272-0798-41E6-9A93-36392910E839}
		{30DD6886-34BA-48BD-9BB6-08E8CD79CAD7} = {30DD6886-34BA-48BD-9BB6-08E8CD79CAD7}
		{A69BD69E-07D6-4326-B25A-938BEC2BB378} = {A69BD69E-07D6-4326-B25A-938BEC2BB378}
		{3D4395A4-6DA8-40B5-BD41-C21104290B15} = {3D4395A4-6DA8-40B5-BD41-C21104290B15}
		{4A38B3B0-7C87-40E8-BF6A-9D1B4051FF71} = {4A38B3B0-7C87-40E8-BF6A-9D1B4051FF71}
		{E9ACC1B7-6DE0-492E-A16B-0E5075074116} = {E9ACC1B7-6DE0-492E-A16B-0E5075074116}
		{716009BE-959B-4338-80F5-69ABB0B12A91} = {716009BE-959B-4338-80F5-69ABB0B12A91}
		{ECC654CE-C51A-4CFB-AD3D-1E07ED946FA5} = {ECC654CE-C51A-4CFB-AD3D-1E07ED946FA5}
		{3DBE87D2-CEED-457B-B345-7748084D947D} = {3DBE87D2-CEED-457B-B345-7748084D947D}
	EndProjectSection
EndProject
Project("{8BC9CEB8-8B4A-11D0-8D11-00A0C91BC942}") = "ProjectAgent", "..\PGSuper\ProjectAgent\ProjectAgent.vcproj", "{A69BD69E-07D6-4326-B25A-938BEC2BB378}"
	ProjectSection(ProjectDependencies) = postProject
		{3D4395A4-6DA8-40B5-BD41-C21104290B15} = {3D4395A4-6DA8-40B5-BD41-C21104290B15}
		{716009BE-959B-4338-80F5-69ABB0B12A91} = {716009BE-959B-4338-80F5-69ABB0B12A91}
	EndProjectSection
EndProject
Project("{8BC9CEB8-8B4A-11D0-8D11-00A0C91BC942}") = "PGSuperLibrary", "..\PGSuper\psgLib\psgLib.vcproj", "{3D4395A4-6DA8-40B5-BD41-C21104290B15}"
EndProject
Project("{8BC9CEB8-8B4A-11D0-8D11-00A0C91BC942}") = "ReportAgent", "..\PGSuper\ReportAgent\ReportAgent.vcproj", "{57419822-088F-4E75-9542-1EAAE2DF49CE}"
	ProjectSection(ProjectDependencies) = postProject
		{4A38B3B0-7C87-40E8-BF6A-9D1B4051FF71} = {4A38B3B0-7C87-40E8-BF6A-9D1B4051FF71}
	EndProjectSection
EndProject
Project("{8BC9CEB8-8B4A-11D0-8D11-00A0C91BC942}") = "Reporting", "..\PGSuper\Reporting\Reporting.vcproj", "{4A38B3B0-7C87-40E8-BF6A-9D1B4051FF71}"
EndProject
Project("{8BC9CEB8-8B4A-11D0-8D11-00A0C91BC942}") = "SpecAgent", "..\PGSuper\SpecAgent\SpecAgent.vcproj", "{E9ACC1B7-6DE0-492E-A16B-0E5075074116}"
	ProjectSection(ProjectDependencies) = postProject
		{716009BE-959B-4338-80F5-69ABB0B12A91} = {716009BE-959B-4338-80F5-69ABB0B12A91}
	EndProjectSection
EndProject
Project("{8BC9CEB8-8B4A-11D0-8D11-00A0C91BC942}") = "TestAgent", "..\PGSuper\TestAgent\TestAgent.vcproj", "{ECC654CE-C51A-4CFB-AD3D-1E07ED946FA5}"
	ProjectSection(ProjectDependencies) = postProject
		{716009BE-959B-4338-80F5-69ABB0B12A91} = {716009BE-959B-4338-80F5-69ABB0B12A91}
	EndProjectSection
EndProject
Project("{8BC9CEB8-8B4A-11D0-8D11-00A0C91BC942}") = "TxDOTAgent", "..\PGSuper\TxDOTAgent\TxDOTAgent.vcproj", "{EA3BF272-0798-41E6-9A93-36392910E839}"
	ProjectSection(ProjectDependencies) = postProject
		{4A38B3B0-7C87-40E8-BF6A-9D1B4051FF71} = {4A38B3B0-7C87-40E8-BF6A-9D1B4051FF71}
	EndProjectSection
EndProject
Project("{8BC9CEB8-8B4A-11D0-8D11-00A0C91BC942}") = "WSDOTAgent", "..\PGSuper\WSDOTAgent\WSDOTAgent.vcproj", "{69436331-72BB-4359-9BCA-61BA092D2516}"
	ProjectSection(ProjectDependencies) = postProject
		{4A38B3B0-7C87-40E8-BF6A-9D1B4051FF71} = {4A38B3B0-7C87-40E8-BF6A-9D1B4051FF71}
		{3004A4E6-3542-40B1-9B15-331862819988} = {3004A4E6-3542-40B1-9B15-331862819988}
	EndProjectSection
EndProject
Project("{8BC9CEB8-8B4A-11D0-8D11-00A0C91BC942}") = "BGSExport", "..\BGSExport\BGSExport.vcproj", "{110FA49D-BF76-4C7F-8765-C9E02284F901}"
	ProjectSection(ProjectDependencies) = postProject
		{716009BE-959B-4338-80F5-69ABB0B12A91} = {716009BE-959B-4338-80F5-69ABB0B12A91}
	EndProjectSection
EndProject
Project("{8BC9CEB8-8B4A-11D0-8D11-00A0C91BC942}") = "BEToolbox", "..\BridgeLinkBEToolbox\BEToolbox.vcproj", "{3282AC39-1BEB-4C8E-8FA0-2E3F4CC1BB45}"
	ProjectSection(ProjectDependencies) = postProject
		{3004A4E6-3542-40B1-9B15-331862819988} = {3004A4E6-3542-40B1-9B15-331862819988}
	EndProjectSection
EndProject
Project("{8BC9CEB8-8B4A-11D0-8D11-00A0C91BC942}") = "ExtensionAgentExample", "..\ExtensionAgentExample\ExtensionAgentExample.vcproj", "{84AAAD2E-2039-4922-9124-18852C5616F1}"
	ProjectSection(ProjectDependencies) = postProject
		{4A38B3B0-7C87-40E8-BF6A-9D1B4051FF71} = {4A38B3B0-7C87-40E8-BF6A-9D1B4051FF71}
	EndProjectSection
EndProject
Project("{8BC9CEB8-8B4A-11D0-8D11-00A0C91BC942}") = "LibraryMgrPluginExample", "..\LibraryMgrPluginExample\LibraryMgrPluginExample.vcproj", "{7253D020-A179-45CB-B8E1-AEB359920214}"
EndProject
Project("{8BC9CEB8-8B4A-11D0-8D11-00A0C91BC942}") = "BridgeSightBeams", "..\..\BSDev\BridgeSightBeams\BridgeSightBeams.vcproj", "{97594692-8589-4D03-AC71-3418F372AE67}"
EndProject
Project("{8BC9CEB8-8B4A-11D0-8D11-00A0C91BC942}") = "BridgeSightSecurity", "..\..\BSDev\BridgeSightSecurity\BridgeSightSecurity\BridgeSightSecurity.vcproj", "{1F6A68D3-4747-4DBC-9B22-2151A5A9107B}"
EndProject
Project("{8BC9CEB8-8B4A-11D0-8D11-00A0C91BC942}") = "PGSuperExtensions", "..\..\BSDev\PGSuperExtensions\PGSuperExtensions.vcproj", "{FF666915-FC29-4B0E-9EDA-2945C9241115}"
	ProjectSection(ProjectDependencies) = postProject
		{8042F343-0709-45CC-90A6-97BE1A70FC37} = {8042F343-0709-45CC-90A6-97BE1A70FC37}
	EndProjectSection
EndProject
Project("{8BC9CEB8-8B4A-11D0-8D11-00A0C91BC942}") = "PGSuperOpis", "..\..\BSDev\PGSuperOpis\PGSuperOpis.vcproj", "{0589886A-B84A-495F-9E2A-03846784540B}"
EndProject
Project("{8BC9CEB8-8B4A-11D0-8D11-00A0C91BC942}") = "PGSuperIDL", "..\PGSuper\PGSuperIDL\PGSuperIDL.vcproj", "{8042F343-0709-45CC-90A6-97BE1A70FC37}"
EndProject
Project("{8BC9CEB8-8B4A-11D0-8D11-00A0C91BC942}") = "BEIST", "..\BEIST\BEIST.vcproj", "{8CD71BD6-5888-45A3-B49A-03090213E17E}"
EndProject
Project("{8BC9CEB8-8B4A-11D0-8D11-00A0C91BC942}") = "BridgeSightBDMViewer", "..\..\BSDev\BDMViewer\BDMViewer.vcproj", "{663EFF8C-1286-4E41-B18A-73039BD7D544}"
EndProject
Project("{8BC9CEB8-8B4A-11D0-8D11-00A0C91BC942}") = "MakePgz", "..\PGSuper\MakePgz\MakePgz.vcproj", "{E8657E0C-0DAD-4ABD-A464-7A8E8B890E6F}"
EndProject
Project("{8BC9CEB8-8B4A-11D0-8D11-00A0C91BC942}") = "BEToolboxXML", "..\BEToolboxXML\BEToolboxXML.vcproj", "{3004A4E6-3542-40B1-9B15-331862819988}"
EndProject
Global
	GlobalSection(SolutionConfigurationPlatforms) = preSolution
		Debug|Win32 = Debug|Win32
		Debug|x64 = Debug|x64
		Profile|Win32 = Profile|Win32
		Profile|x64 = Profile|x64
		Release|Win32 = Release|Win32
		Release|x64 = Release|x64
	EndGlobalSection
	GlobalSection(ProjectConfigurationPlatforms) = postSolution
		{64DB12F5-FF88-497F-9150-AEDC5C924D6A}.Debug|Win32.ActiveCfg = Debug|Win32
		{64DB12F5-FF88-497F-9150-AEDC5C924D6A}.Debug|Win32.Build.0 = Debug|Win32
		{64DB12F5-FF88-497F-9150-AEDC5C924D6A}.Debug|x64.ActiveCfg = Debug|x64
		{64DB12F5-FF88-497F-9150-AEDC5C924D6A}.Debug|x64.Build.0 = Debug|x64
		{64DB12F5-FF88-497F-9150-AEDC5C924D6A}.Profile|Win32.ActiveCfg = Debug|x64
		{64DB12F5-FF88-497F-9150-AEDC5C924D6A}.Profile|x64.ActiveCfg = Debug|x64
		{64DB12F5-FF88-497F-9150-AEDC5C924D6A}.Profile|x64.Build.0 = Debug|x64
		{64DB12F5-FF88-497F-9150-AEDC5C924D6A}.Release|Win32.ActiveCfg = Release|Win32
		{64DB12F5-FF88-497F-9150-AEDC5C924D6A}.Release|Win32.Build.0 = Release|Win32
		{64DB12F5-FF88-497F-9150-AEDC5C924D6A}.Release|x64.ActiveCfg = Release|x64
		{64DB12F5-FF88-497F-9150-AEDC5C924D6A}.Release|x64.Build.0 = Release|x64
		{BCA09A79-0AFE-4990-AFB9-C33D3EB2015D}.Debug|Win32.ActiveCfg = Debug|Win32
		{BCA09A79-0AFE-4990-AFB9-C33D3EB2015D}.Debug|Win32.Build.0 = Debug|Win32
		{BCA09A79-0AFE-4990-AFB9-C33D3EB2015D}.Debug|x64.ActiveCfg = Debug|x64
		{BCA09A79-0AFE-4990-AFB9-C33D3EB2015D}.Debug|x64.Build.0 = Debug|x64
		{BCA09A79-0AFE-4990-AFB9-C33D3EB2015D}.Profile|Win32.ActiveCfg = Debug|x64
		{BCA09A79-0AFE-4990-AFB9-C33D3EB2015D}.Profile|x64.ActiveCfg = Debug|x64
		{BCA09A79-0AFE-4990-AFB9-C33D3EB2015D}.Profile|x64.Build.0 = Debug|x64
		{BCA09A79-0AFE-4990-AFB9-C33D3EB2015D}.Release|Win32.ActiveCfg = Release|Win32
		{BCA09A79-0AFE-4990-AFB9-C33D3EB2015D}.Release|Win32.Build.0 = Release|Win32
		{BCA09A79-0AFE-4990-AFB9-C33D3EB2015D}.Release|x64.ActiveCfg = Release|x64
		{BCA09A79-0AFE-4990-AFB9-C33D3EB2015D}.Release|x64.Build.0 = Release|x64
		{13860D0C-A73B-4EA6-BCE6-5F84FC9BBCE8}.Debug|Win32.ActiveCfg = Debug|Win32
		{13860D0C-A73B-4EA6-BCE6-5F84FC9BBCE8}.Debug|Win32.Build.0 = Debug|Win32
		{13860D0C-A73B-4EA6-BCE6-5F84FC9BBCE8}.Debug|x64.ActiveCfg = Debug|x64
		{13860D0C-A73B-4EA6-BCE6-5F84FC9BBCE8}.Debug|x64.Build.0 = Debug|x64
		{13860D0C-A73B-4EA6-BCE6-5F84FC9BBCE8}.Profile|Win32.ActiveCfg = Profile|Win32
		{13860D0C-A73B-4EA6-BCE6-5F84FC9BBCE8}.Profile|Win32.Build.0 = Profile|Win32
		{13860D0C-A73B-4EA6-BCE6-5F84FC9BBCE8}.Profile|x64.ActiveCfg = Profile|x64
		{13860D0C-A73B-4EA6-BCE6-5F84FC9BBCE8}.Profile|x64.Build.0 = Profile|x64
		{13860D0C-A73B-4EA6-BCE6-5F84FC9BBCE8}.Release|Win32.ActiveCfg = Release|Win32
		{13860D0C-A73B-4EA6-BCE6-5F84FC9BBCE8}.Release|Win32.Build.0 = Release|Win32
		{13860D0C-A73B-4EA6-BCE6-5F84FC9BBCE8}.Release|x64.ActiveCfg = Release|x64
		{13860D0C-A73B-4EA6-BCE6-5F84FC9BBCE8}.Release|x64.Build.0 = Release|x64
		{3DBE87D2-CEED-457B-B345-7748084D947D}.Debug|Win32.ActiveCfg = Debug|Win32
		{3DBE87D2-CEED-457B-B345-7748084D947D}.Debug|Win32.Build.0 = Debug|Win32
		{3DBE87D2-CEED-457B-B345-7748084D947D}.Debug|x64.ActiveCfg = Debug|x64
		{3DBE87D2-CEED-457B-B345-7748084D947D}.Debug|x64.Build.0 = Debug|x64
		{3DBE87D2-CEED-457B-B345-7748084D947D}.Profile|Win32.ActiveCfg = Profile|Win32
		{3DBE87D2-CEED-457B-B345-7748084D947D}.Profile|Win32.Build.0 = Profile|Win32
		{3DBE87D2-CEED-457B-B345-7748084D947D}.Profile|x64.ActiveCfg = Profile|x64
		{3DBE87D2-CEED-457B-B345-7748084D947D}.Profile|x64.Build.0 = Profile|x64
		{3DBE87D2-CEED-457B-B345-7748084D947D}.Release|Win32.ActiveCfg = Release|Win32
		{3DBE87D2-CEED-457B-B345-7748084D947D}.Release|Win32.Build.0 = Release|Win32
		{3DBE87D2-CEED-457B-B345-7748084D947D}.Release|x64.ActiveCfg = Release|x64
		{3DBE87D2-CEED-457B-B345-7748084D947D}.Release|x64.Build.0 = Release|x64
		{69BE1B6C-489E-4103-8E2E-82D2EF3258E5}.Debug|Win32.ActiveCfg = Debug|Win32
		{69BE1B6C-489E-4103-8E2E-82D2EF3258E5}.Debug|Win32.Build.0 = Debug|Win32
		{69BE1B6C-489E-4103-8E2E-82D2EF3258E5}.Debug|x64.ActiveCfg = Debug|x64
		{69BE1B6C-489E-4103-8E2E-82D2EF3258E5}.Debug|x64.Build.0 = Debug|x64
		{69BE1B6C-489E-4103-8E2E-82D2EF3258E5}.Profile|Win32.ActiveCfg = Profile|Win32
		{69BE1B6C-489E-4103-8E2E-82D2EF3258E5}.Profile|Win32.Build.0 = Profile|Win32
		{69BE1B6C-489E-4103-8E2E-82D2EF3258E5}.Profile|x64.ActiveCfg = Profile|x64
		{69BE1B6C-489E-4103-8E2E-82D2EF3258E5}.Profile|x64.Build.0 = Profile|x64
		{69BE1B6C-489E-4103-8E2E-82D2EF3258E5}.Release|Win32.ActiveCfg = Release|Win32
		{69BE1B6C-489E-4103-8E2E-82D2EF3258E5}.Release|Win32.Build.0 = Release|Win32
		{69BE1B6C-489E-4103-8E2E-82D2EF3258E5}.Release|x64.ActiveCfg = Release|x64
		{69BE1B6C-489E-4103-8E2E-82D2EF3258E5}.Release|x64.Build.0 = Release|x64
		{B8979601-544D-41D7-A6A2-20A03E2473A4}.Debug|Win32.ActiveCfg = Debug|Win32
		{B8979601-544D-41D7-A6A2-20A03E2473A4}.Debug|Win32.Build.0 = Debug|Win32
		{B8979601-544D-41D7-A6A2-20A03E2473A4}.Debug|x64.ActiveCfg = Debug|x64
		{B8979601-544D-41D7-A6A2-20A03E2473A4}.Debug|x64.Build.0 = Debug|x64
		{B8979601-544D-41D7-A6A2-20A03E2473A4}.Profile|Win32.ActiveCfg = Profile|Win32
		{B8979601-544D-41D7-A6A2-20A03E2473A4}.Profile|Win32.Build.0 = Profile|Win32
		{B8979601-544D-41D7-A6A2-20A03E2473A4}.Profile|x64.ActiveCfg = Profile|x64
		{B8979601-544D-41D7-A6A2-20A03E2473A4}.Profile|x64.Build.0 = Profile|x64
		{B8979601-544D-41D7-A6A2-20A03E2473A4}.Release|Win32.ActiveCfg = Release|Win32
		{B8979601-544D-41D7-A6A2-20A03E2473A4}.Release|Win32.Build.0 = Release|Win32
		{B8979601-544D-41D7-A6A2-20A03E2473A4}.Release|x64.ActiveCfg = Release|x64
		{B8979601-544D-41D7-A6A2-20A03E2473A4}.Release|x64.Build.0 = Release|x64
		{A29F3C02-AF58-4E29-A791-CAA5A1CE28B6}.Debug|Win32.ActiveCfg = Debug|Win32
		{A29F3C02-AF58-4E29-A791-CAA5A1CE28B6}.Debug|Win32.Build.0 = Debug|Win32
		{A29F3C02-AF58-4E29-A791-CAA5A1CE28B6}.Debug|x64.ActiveCfg = Debug|x64
		{A29F3C02-AF58-4E29-A791-CAA5A1CE28B6}.Debug|x64.Build.0 = Debug|x64
		{A29F3C02-AF58-4E29-A791-CAA5A1CE28B6}.Profile|Win32.ActiveCfg = Profile|Win32
		{A29F3C02-AF58-4E29-A791-CAA5A1CE28B6}.Profile|Win32.Build.0 = Profile|Win32
		{A29F3C02-AF58-4E29-A791-CAA5A1CE28B6}.Profile|x64.ActiveCfg = Profile|x64
		{A29F3C02-AF58-4E29-A791-CAA5A1CE28B6}.Profile|x64.Build.0 = Profile|x64
		{A29F3C02-AF58-4E29-A791-CAA5A1CE28B6}.Release|Win32.ActiveCfg = Release|Win32
		{A29F3C02-AF58-4E29-A791-CAA5A1CE28B6}.Release|Win32.Build.0 = Release|Win32
		{A29F3C02-AF58-4E29-A791-CAA5A1CE28B6}.Release|x64.ActiveCfg = Release|x64
		{A29F3C02-AF58-4E29-A791-CAA5A1CE28B6}.Release|x64.Build.0 = Release|x64
		{30DD6886-34BA-48BD-9BB6-08E8CD79CAD7}.Debug|Win32.ActiveCfg = Debug|Win32
		{30DD6886-34BA-48BD-9BB6-08E8CD79CAD7}.Debug|Win32.Build.0 = Debug|Win32
		{30DD6886-34BA-48BD-9BB6-08E8CD79CAD7}.Debug|x64.ActiveCfg = Debug|x64
		{30DD6886-34BA-48BD-9BB6-08E8CD79CAD7}.Debug|x64.Build.0 = Debug|x64
		{30DD6886-34BA-48BD-9BB6-08E8CD79CAD7}.Profile|Win32.ActiveCfg = Profile|Win32
		{30DD6886-34BA-48BD-9BB6-08E8CD79CAD7}.Profile|Win32.Build.0 = Profile|Win32
		{30DD6886-34BA-48BD-9BB6-08E8CD79CAD7}.Profile|x64.ActiveCfg = Profile|x64
		{30DD6886-34BA-48BD-9BB6-08E8CD79CAD7}.Profile|x64.Build.0 = Profile|x64
		{30DD6886-34BA-48BD-9BB6-08E8CD79CAD7}.Release|Win32.ActiveCfg = Release|Win32
		{30DD6886-34BA-48BD-9BB6-08E8CD79CAD7}.Release|Win32.Build.0 = Release|Win32
		{30DD6886-34BA-48BD-9BB6-08E8CD79CAD7}.Release|x64.ActiveCfg = Release|x64
		{30DD6886-34BA-48BD-9BB6-08E8CD79CAD7}.Release|x64.Build.0 = Release|x64
		{716009BE-959B-4338-80F5-69ABB0B12A91}.Debug|Win32.ActiveCfg = Debug|Win32
		{716009BE-959B-4338-80F5-69ABB0B12A91}.Debug|Win32.Build.0 = Debug|Win32
		{716009BE-959B-4338-80F5-69ABB0B12A91}.Debug|x64.ActiveCfg = Debug|x64
		{716009BE-959B-4338-80F5-69ABB0B12A91}.Debug|x64.Build.0 = Debug|x64
		{716009BE-959B-4338-80F5-69ABB0B12A91}.Profile|Win32.ActiveCfg = Profile|Win32
		{716009BE-959B-4338-80F5-69ABB0B12A91}.Profile|Win32.Build.0 = Profile|Win32
		{716009BE-959B-4338-80F5-69ABB0B12A91}.Profile|x64.ActiveCfg = Profile|x64
		{716009BE-959B-4338-80F5-69ABB0B12A91}.Profile|x64.Build.0 = Profile|x64
		{716009BE-959B-4338-80F5-69ABB0B12A91}.Release|Win32.ActiveCfg = Release|Win32
		{716009BE-959B-4338-80F5-69ABB0B12A91}.Release|Win32.Build.0 = Release|Win32
		{716009BE-959B-4338-80F5-69ABB0B12A91}.Release|x64.ActiveCfg = Release|x64
		{716009BE-959B-4338-80F5-69ABB0B12A91}.Release|x64.Build.0 = Release|x64
		{2055203D-02FC-4D11-BDF0-411E9F465E93}.Debug|Win32.ActiveCfg = Debug|Win32
		{2055203D-02FC-4D11-BDF0-411E9F465E93}.Debug|Win32.Build.0 = Debug|Win32
		{2055203D-02FC-4D11-BDF0-411E9F465E93}.Debug|x64.ActiveCfg = Debug|x64
		{2055203D-02FC-4D11-BDF0-411E9F465E93}.Debug|x64.Build.0 = Debug|x64
		{2055203D-02FC-4D11-BDF0-411E9F465E93}.Profile|Win32.ActiveCfg = Profile|Win32
		{2055203D-02FC-4D11-BDF0-411E9F465E93}.Profile|Win32.Build.0 = Profile|Win32
		{2055203D-02FC-4D11-BDF0-411E9F465E93}.Profile|x64.ActiveCfg = Profile|x64
		{2055203D-02FC-4D11-BDF0-411E9F465E93}.Profile|x64.Build.0 = Profile|x64
		{2055203D-02FC-4D11-BDF0-411E9F465E93}.Release|Win32.ActiveCfg = Release|Win32
		{2055203D-02FC-4D11-BDF0-411E9F465E93}.Release|Win32.Build.0 = Release|Win32
		{2055203D-02FC-4D11-BDF0-411E9F465E93}.Release|x64.ActiveCfg = Release|x64
		{2055203D-02FC-4D11-BDF0-411E9F465E93}.Release|x64.Build.0 = Release|x64
		{A69BD69E-07D6-4326-B25A-938BEC2BB378}.Debug|Win32.ActiveCfg = Debug|Win32
		{A69BD69E-07D6-4326-B25A-938BEC2BB378}.Debug|Win32.Build.0 = Debug|Win32
		{A69BD69E-07D6-4326-B25A-938BEC2BB378}.Debug|x64.ActiveCfg = Debug|x64
		{A69BD69E-07D6-4326-B25A-938BEC2BB378}.Debug|x64.Build.0 = Debug|x64
		{A69BD69E-07D6-4326-B25A-938BEC2BB378}.Profile|Win32.ActiveCfg = Profile|Win32
		{A69BD69E-07D6-4326-B25A-938BEC2BB378}.Profile|Win32.Build.0 = Profile|Win32
		{A69BD69E-07D6-4326-B25A-938BEC2BB378}.Profile|x64.ActiveCfg = Profile|x64
		{A69BD69E-07D6-4326-B25A-938BEC2BB378}.Profile|x64.Build.0 = Profile|x64
		{A69BD69E-07D6-4326-B25A-938BEC2BB378}.Release|Win32.ActiveCfg = Release|Win32
		{A69BD69E-07D6-4326-B25A-938BEC2BB378}.Release|Win32.Build.0 = Release|Win32
		{A69BD69E-07D6-4326-B25A-938BEC2BB378}.Release|x64.ActiveCfg = Release|x64
		{A69BD69E-07D6-4326-B25A-938BEC2BB378}.Release|x64.Build.0 = Release|x64
		{3D4395A4-6DA8-40B5-BD41-C21104290B15}.Debug|Win32.ActiveCfg = Debug|Win32
		{3D4395A4-6DA8-40B5-BD41-C21104290B15}.Debug|Win32.Build.0 = Debug|Win32
		{3D4395A4-6DA8-40B5-BD41-C21104290B15}.Debug|x64.ActiveCfg = Debug|x64
		{3D4395A4-6DA8-40B5-BD41-C21104290B15}.Debug|x64.Build.0 = Debug|x64
		{3D4395A4-6DA8-40B5-BD41-C21104290B15}.Profile|Win32.ActiveCfg = Profile|Win32
		{3D4395A4-6DA8-40B5-BD41-C21104290B15}.Profile|Win32.Build.0 = Profile|Win32
		{3D4395A4-6DA8-40B5-BD41-C21104290B15}.Profile|x64.ActiveCfg = Profile|x64
		{3D4395A4-6DA8-40B5-BD41-C21104290B15}.Profile|x64.Build.0 = Profile|x64
		{3D4395A4-6DA8-40B5-BD41-C21104290B15}.Release|Win32.ActiveCfg = Release|Win32
		{3D4395A4-6DA8-40B5-BD41-C21104290B15}.Release|Win32.Build.0 = Release|Win32
		{3D4395A4-6DA8-40B5-BD41-C21104290B15}.Release|x64.ActiveCfg = Release|x64
		{3D4395A4-6DA8-40B5-BD41-C21104290B15}.Release|x64.Build.0 = Release|x64
		{57419822-088F-4E75-9542-1EAAE2DF49CE}.Debug|Win32.ActiveCfg = Debug|Win32
		{57419822-088F-4E75-9542-1EAAE2DF49CE}.Debug|Win32.Build.0 = Debug|Win32
		{57419822-088F-4E75-9542-1EAAE2DF49CE}.Debug|x64.ActiveCfg = Debug|x64
		{57419822-088F-4E75-9542-1EAAE2DF49CE}.Debug|x64.Build.0 = Debug|x64
		{57419822-088F-4E75-9542-1EAAE2DF49CE}.Profile|Win32.ActiveCfg = Profile|Win32
		{57419822-088F-4E75-9542-1EAAE2DF49CE}.Profile|Win32.Build.0 = Profile|Win32
		{57419822-088F-4E75-9542-1EAAE2DF49CE}.Profile|x64.ActiveCfg = Profile|x64
		{57419822-088F-4E75-9542-1EAAE2DF49CE}.Profile|x64.Build.0 = Profile|x64
		{57419822-088F-4E75-9542-1EAAE2DF49CE}.Release|Win32.ActiveCfg = Release|Win32
		{57419822-088F-4E75-9542-1EAAE2DF49CE}.Release|Win32.Build.0 = Release|Win32
		{57419822-088F-4E75-9542-1EAAE2DF49CE}.Release|x64.ActiveCfg = Release|x64
		{57419822-088F-4E75-9542-1EAAE2DF49CE}.Release|x64.Build.0 = Release|x64
		{4A38B3B0-7C87-40E8-BF6A-9D1B4051FF71}.Debug|Win32.ActiveCfg = Debug|Win32
		{4A38B3B0-7C87-40E8-BF6A-9D1B4051FF71}.Debug|Win32.Build.0 = Debug|Win32
		{4A38B3B0-7C87-40E8-BF6A-9D1B4051FF71}.Debug|x64.ActiveCfg = Debug|x64
		{4A38B3B0-7C87-40E8-BF6A-9D1B4051FF71}.Debug|x64.Build.0 = Debug|x64
		{4A38B3B0-7C87-40E8-BF6A-9D1B4051FF71}.Profile|Win32.ActiveCfg = Profile|Win32
		{4A38B3B0-7C87-40E8-BF6A-9D1B4051FF71}.Profile|Win32.Build.0 = Profile|Win32
		{4A38B3B0-7C87-40E8-BF6A-9D1B4051FF71}.Profile|x64.ActiveCfg = Profile|x64
		{4A38B3B0-7C87-40E8-BF6A-9D1B4051FF71}.Profile|x64.Build.0 = Profile|x64
		{4A38B3B0-7C87-40E8-BF6A-9D1B4051FF71}.Release|Win32.ActiveCfg = Release|Win32
		{4A38B3B0-7C87-40E8-BF6A-9D1B4051FF71}.Release|Win32.Build.0 = Release|Win32
		{4A38B3B0-7C87-40E8-BF6A-9D1B4051FF71}.Release|x64.ActiveCfg = Release|x64
		{4A38B3B0-7C87-40E8-BF6A-9D1B4051FF71}.Release|x64.Build.0 = Release|x64
		{E9ACC1B7-6DE0-492E-A16B-0E5075074116}.Debug|Win32.ActiveCfg = Debug|Win32
		{E9ACC1B7-6DE0-492E-A16B-0E5075074116}.Debug|Win32.Build.0 = Debug|Win32
		{E9ACC1B7-6DE0-492E-A16B-0E5075074116}.Debug|x64.ActiveCfg = Debug|x64
		{E9ACC1B7-6DE0-492E-A16B-0E5075074116}.Debug|x64.Build.0 = Debug|x64
		{E9ACC1B7-6DE0-492E-A16B-0E5075074116}.Profile|Win32.ActiveCfg = Profile|Win32
		{E9ACC1B7-6DE0-492E-A16B-0E5075074116}.Profile|Win32.Build.0 = Profile|Win32
		{E9ACC1B7-6DE0-492E-A16B-0E5075074116}.Profile|x64.ActiveCfg = Profile|x64
		{E9ACC1B7-6DE0-492E-A16B-0E5075074116}.Profile|x64.Build.0 = Profile|x64
		{E9ACC1B7-6DE0-492E-A16B-0E5075074116}.Release|Win32.ActiveCfg = Release|Win32
		{E9ACC1B7-6DE0-492E-A16B-0E5075074116}.Release|Win32.Build.0 = Release|Win32
		{E9ACC1B7-6DE0-492E-A16B-0E5075074116}.Release|x64.ActiveCfg = Release|x64
		{E9ACC1B7-6DE0-492E-A16B-0E5075074116}.Release|x64.Build.0 = Release|x64
		{ECC654CE-C51A-4CFB-AD3D-1E07ED946FA5}.Debug|Win32.ActiveCfg = Debug|Win32
		{ECC654CE-C51A-4CFB-AD3D-1E07ED946FA5}.Debug|Win32.Build.0 = Debug|Win32
		{ECC654CE-C51A-4CFB-AD3D-1E07ED946FA5}.Debug|x64.ActiveCfg = Debug|x64
		{ECC654CE-C51A-4CFB-AD3D-1E07ED946FA5}.Debug|x64.Build.0 = Debug|x64
		{ECC654CE-C51A-4CFB-AD3D-1E07ED946FA5}.Profile|Win32.ActiveCfg = Profile|Win32
		{ECC654CE-C51A-4CFB-AD3D-1E07ED946FA5}.Profile|Win32.Build.0 = Profile|Win32
		{ECC654CE-C51A-4CFB-AD3D-1E07ED946FA5}.Profile|x64.ActiveCfg = Profile|x64
		{ECC654CE-C51A-4CFB-AD3D-1E07ED946FA5}.Profile|x64.Build.0 = Profile|x64
		{ECC654CE-C51A-4CFB-AD3D-1E07ED946FA5}.Release|Win32.ActiveCfg = Release|Win32
		{ECC654CE-C51A-4CFB-AD3D-1E07ED946FA5}.Release|Win32.Build.0 = Release|Win32
		{ECC654CE-C51A-4CFB-AD3D-1E07ED946FA5}.Release|x64.ActiveCfg = Release|x64
		{ECC654CE-C51A-4CFB-AD3D-1E07ED946FA5}.Release|x64.Build.0 = Release|x64
		{EA3BF272-0798-41E6-9A93-36392910E839}.Debug|Win32.ActiveCfg = Debug|Win32
		{EA3BF272-0798-41E6-9A93-36392910E839}.Debug|Win32.Build.0 = Debug|Win32
		{EA3BF272-0798-41E6-9A93-36392910E839}.Debug|x64.ActiveCfg = Debug|x64
		{EA3BF272-0798-41E6-9A93-36392910E839}.Debug|x64.Build.0 = Debug|x64
		{EA3BF272-0798-41E6-9A93-36392910E839}.Profile|Win32.ActiveCfg = Profile|Win32
		{EA3BF272-0798-41E6-9A93-36392910E839}.Profile|Win32.Build.0 = Profile|Win32
		{EA3BF272-0798-41E6-9A93-36392910E839}.Profile|x64.ActiveCfg = Profile|x64
		{EA3BF272-0798-41E6-9A93-36392910E839}.Profile|x64.Build.0 = Profile|x64
		{EA3BF272-0798-41E6-9A93-36392910E839}.Release|Win32.ActiveCfg = Release|Win32
		{EA3BF272-0798-41E6-9A93-36392910E839}.Release|Win32.Build.0 = Release|Win32
		{EA3BF272-0798-41E6-9A93-36392910E839}.Release|x64.ActiveCfg = Release|x64
		{EA3BF272-0798-41E6-9A93-36392910E839}.Release|x64.Build.0 = Release|x64
		{69436331-72BB-4359-9BCA-61BA092D2516}.Debug|Win32.ActiveCfg = Debug|Win32
		{69436331-72BB-4359-9BCA-61BA092D2516}.Debug|Win32.Build.0 = Debug|Win32
		{69436331-72BB-4359-9BCA-61BA092D2516}.Debug|x64.ActiveCfg = Debug|x64
		{69436331-72BB-4359-9BCA-61BA092D2516}.Debug|x64.Build.0 = Debug|x64
		{69436331-72BB-4359-9BCA-61BA092D2516}.Profile|Win32.ActiveCfg = Profile|Win32
		{69436331-72BB-4359-9BCA-61BA092D2516}.Profile|Win32.Build.0 = Profile|Win32
		{69436331-72BB-4359-9BCA-61BA092D2516}.Profile|x64.ActiveCfg = Profile|x64
		{69436331-72BB-4359-9BCA-61BA092D2516}.Profile|x64.Build.0 = Profile|x64
		{69436331-72BB-4359-9BCA-61BA092D2516}.Release|Win32.ActiveCfg = Release|Win32
		{69436331-72BB-4359-9BCA-61BA092D2516}.Release|Win32.Build.0 = Release|Win32
		{69436331-72BB-4359-9BCA-61BA092D2516}.Release|x64.ActiveCfg = Release|x64
		{69436331-72BB-4359-9BCA-61BA092D2516}.Release|x64.Build.0 = Release|x64
		{110FA49D-BF76-4C7F-8765-C9E02284F901}.Debug|Win32.ActiveCfg = Debug|Win32
		{110FA49D-BF76-4C7F-8765-C9E02284F901}.Debug|Win32.Build.0 = Debug|Win32
		{110FA49D-BF76-4C7F-8765-C9E02284F901}.Debug|x64.ActiveCfg = Debug|x64
		{110FA49D-BF76-4C7F-8765-C9E02284F901}.Debug|x64.Build.0 = Debug|x64
		{110FA49D-BF76-4C7F-8765-C9E02284F901}.Profile|Win32.ActiveCfg = Debug|x64
		{110FA49D-BF76-4C7F-8765-C9E02284F901}.Profile|x64.ActiveCfg = Debug|x64
		{110FA49D-BF76-4C7F-8765-C9E02284F901}.Profile|x64.Build.0 = Debug|x64
		{110FA49D-BF76-4C7F-8765-C9E02284F901}.Release|Win32.ActiveCfg = Release|Win32
		{110FA49D-BF76-4C7F-8765-C9E02284F901}.Release|Win32.Build.0 = Release|Win32
		{110FA49D-BF76-4C7F-8765-C9E02284F901}.Release|x64.ActiveCfg = Release|x64
		{110FA49D-BF76-4C7F-8765-C9E02284F901}.Release|x64.Build.0 = Release|x64
		{3282AC39-1BEB-4C8E-8FA0-2E3F4CC1BB45}.Debug|Win32.ActiveCfg = Debug|Win32
		{3282AC39-1BEB-4C8E-8FA0-2E3F4CC1BB45}.Debug|Win32.Build.0 = Debug|Win32
		{3282AC39-1BEB-4C8E-8FA0-2E3F4CC1BB45}.Debug|x64.ActiveCfg = Debug|x64
		{3282AC39-1BEB-4C8E-8FA0-2E3F4CC1BB45}.Debug|x64.Build.0 = Debug|x64
		{3282AC39-1BEB-4C8E-8FA0-2E3F4CC1BB45}.Profile|Win32.ActiveCfg = Release|x64
		{3282AC39-1BEB-4C8E-8FA0-2E3F4CC1BB45}.Profile|x64.ActiveCfg = Release|x64
		{3282AC39-1BEB-4C8E-8FA0-2E3F4CC1BB45}.Profile|x64.Build.0 = Release|x64
		{3282AC39-1BEB-4C8E-8FA0-2E3F4CC1BB45}.Release|Win32.ActiveCfg = Release|Win32
		{3282AC39-1BEB-4C8E-8FA0-2E3F4CC1BB45}.Release|Win32.Build.0 = Release|Win32
		{3282AC39-1BEB-4C8E-8FA0-2E3F4CC1BB45}.Release|x64.ActiveCfg = Release|x64
		{3282AC39-1BEB-4C8E-8FA0-2E3F4CC1BB45}.Release|x64.Build.0 = Release|x64
		{84AAAD2E-2039-4922-9124-18852C5616F1}.Debug|Win32.ActiveCfg = Debug|Win32
		{84AAAD2E-2039-4922-9124-18852C5616F1}.Debug|Win32.Build.0 = Debug|Win32
		{84AAAD2E-2039-4922-9124-18852C5616F1}.Debug|x64.ActiveCfg = Debug|x64
		{84AAAD2E-2039-4922-9124-18852C5616F1}.Debug|x64.Build.0 = Debug|x64
		{84AAAD2E-2039-4922-9124-18852C5616F1}.Profile|Win32.ActiveCfg = Release|x64
		{84AAAD2E-2039-4922-9124-18852C5616F1}.Profile|x64.ActiveCfg = Release|x64
		{84AAAD2E-2039-4922-9124-18852C5616F1}.Profile|x64.Build.0 = Release|x64
		{84AAAD2E-2039-4922-9124-18852C5616F1}.Release|Win32.ActiveCfg = Release|Win32
		{84AAAD2E-2039-4922-9124-18852C5616F1}.Release|Win32.Build.0 = Release|Win32
		{84AAAD2E-2039-4922-9124-18852C5616F1}.Release|x64.ActiveCfg = Release|x64
		{84AAAD2E-2039-4922-9124-18852C5616F1}.Release|x64.Build.0 = Release|x64
		{7253D020-A179-45CB-B8E1-AEB359920214}.Debug|Win32.ActiveCfg = Debug|Win32
		{7253D020-A179-45CB-B8E1-AEB359920214}.Debug|Win32.Build.0 = Debug|Win32
		{7253D020-A179-45CB-B8E1-AEB359920214}.Debug|x64.ActiveCfg = Debug|x64
		{7253D020-A179-45CB-B8E1-AEB359920214}.Debug|x64.Build.0 = Debug|x64
		{7253D020-A179-45CB-B8E1-AEB359920214}.Profile|Win32.ActiveCfg = Release|x64
		{7253D020-A179-45CB-B8E1-AEB359920214}.Profile|x64.ActiveCfg = Release|x64
		{7253D020-A179-45CB-B8E1-AEB359920214}.Profile|x64.Build.0 = Release|x64
		{7253D020-A179-45CB-B8E1-AEB359920214}.Release|Win32.ActiveCfg = Release|Win32
		{7253D020-A179-45CB-B8E1-AEB359920214}.Release|Win32.Build.0 = Release|Win32
		{7253D020-A179-45CB-B8E1-AEB359920214}.Release|x64.ActiveCfg = Release|x64
		{7253D020-A179-45CB-B8E1-AEB359920214}.Release|x64.Build.0 = Release|x64
		{97594692-8589-4D03-AC71-3418F372AE67}.Debug|Win32.ActiveCfg = Debug|Win32
		{97594692-8589-4D03-AC71-3418F372AE67}.Debug|Win32.Build.0 = Debug|Win32
		{97594692-8589-4D03-AC71-3418F372AE67}.Debug|x64.ActiveCfg = Debug|x64
		{97594692-8589-4D03-AC71-3418F372AE67}.Debug|x64.Build.0 = Debug|x64
		{97594692-8589-4D03-AC71-3418F372AE67}.Profile|Win32.ActiveCfg = Release|x64
		{97594692-8589-4D03-AC71-3418F372AE67}.Profile|x64.ActiveCfg = Release|x64
		{97594692-8589-4D03-AC71-3418F372AE67}.Profile|x64.Build.0 = Release|x64
		{97594692-8589-4D03-AC71-3418F372AE67}.Release|Win32.ActiveCfg = Release|Win32
		{97594692-8589-4D03-AC71-3418F372AE67}.Release|Win32.Build.0 = Release|Win32
		{97594692-8589-4D03-AC71-3418F372AE67}.Release|x64.ActiveCfg = Release|x64
		{97594692-8589-4D03-AC71-3418F372AE67}.Release|x64.Build.0 = Release|x64
		{1F6A68D3-4747-4DBC-9B22-2151A5A9107B}.Debug|Win32.ActiveCfg = Debug|Win32
		{1F6A68D3-4747-4DBC-9B22-2151A5A9107B}.Debug|Win32.Build.0 = Debug|Win32
		{1F6A68D3-4747-4DBC-9B22-2151A5A9107B}.Debug|x64.ActiveCfg = Debug|x64
		{1F6A68D3-4747-4DBC-9B22-2151A5A9107B}.Debug|x64.Build.0 = Debug|x64
		{1F6A68D3-4747-4DBC-9B22-2151A5A9107B}.Profile|Win32.ActiveCfg = Release|x64
		{1F6A68D3-4747-4DBC-9B22-2151A5A9107B}.Profile|x64.ActiveCfg = Release|x64
		{1F6A68D3-4747-4DBC-9B22-2151A5A9107B}.Profile|x64.Build.0 = Release|x64
		{1F6A68D3-4747-4DBC-9B22-2151A5A9107B}.Release|Win32.ActiveCfg = Release|Win32
		{1F6A68D3-4747-4DBC-9B22-2151A5A9107B}.Release|Win32.Build.0 = Release|Win32
		{1F6A68D3-4747-4DBC-9B22-2151A5A9107B}.Release|x64.ActiveCfg = Release|x64
		{1F6A68D3-4747-4DBC-9B22-2151A5A9107B}.Release|x64.Build.0 = Release|x64
		{FF666915-FC29-4B0E-9EDA-2945C9241115}.Debug|Win32.ActiveCfg = Debug|Win32
		{FF666915-FC29-4B0E-9EDA-2945C9241115}.Debug|Win32.Build.0 = Debug|Win32
		{FF666915-FC29-4B0E-9EDA-2945C9241115}.Debug|x64.ActiveCfg = Debug|x64
		{FF666915-FC29-4B0E-9EDA-2945C9241115}.Debug|x64.Build.0 = Debug|x64
		{FF666915-FC29-4B0E-9EDA-2945C9241115}.Profile|Win32.ActiveCfg = Release|x64
		{FF666915-FC29-4B0E-9EDA-2945C9241115}.Profile|x64.ActiveCfg = Release|x64
		{FF666915-FC29-4B0E-9EDA-2945C9241115}.Profile|x64.Build.0 = Release|x64
		{FF666915-FC29-4B0E-9EDA-2945C9241115}.Release|Win32.ActiveCfg = Release|Win32
		{FF666915-FC29-4B0E-9EDA-2945C9241115}.Release|Win32.Build.0 = Release|Win32
		{FF666915-FC29-4B0E-9EDA-2945C9241115}.Release|x64.ActiveCfg = Release|x64
		{FF666915-FC29-4B0E-9EDA-2945C9241115}.Release|x64.Build.0 = Release|x64
		{0589886A-B84A-495F-9E2A-03846784540B}.Debug|Win32.ActiveCfg = Debug|Win32
		{0589886A-B84A-495F-9E2A-03846784540B}.Debug|Win32.Build.0 = Debug|Win32
		{0589886A-B84A-495F-9E2A-03846784540B}.Debug|x64.ActiveCfg = Debug|x64
		{0589886A-B84A-495F-9E2A-03846784540B}.Debug|x64.Build.0 = Debug|x64
		{0589886A-B84A-495F-9E2A-03846784540B}.Profile|Win32.ActiveCfg = Release|x64
		{0589886A-B84A-495F-9E2A-03846784540B}.Profile|x64.ActiveCfg = Release|x64
		{0589886A-B84A-495F-9E2A-03846784540B}.Profile|x64.Build.0 = Release|x64
		{0589886A-B84A-495F-9E2A-03846784540B}.Release|Win32.ActiveCfg = Release|Win32
		{0589886A-B84A-495F-9E2A-03846784540B}.Release|Win32.Build.0 = Release|Win32
		{0589886A-B84A-495F-9E2A-03846784540B}.Release|x64.ActiveCfg = Release|x64
		{0589886A-B84A-495F-9E2A-03846784540B}.Release|x64.Build.0 = Release|x64
		{8042F343-0709-45CC-90A6-97BE1A70FC37}.Debug|Win32.ActiveCfg = Debug|Win32
		{8042F343-0709-45CC-90A6-97BE1A70FC37}.Debug|Win32.Build.0 = Debug|Win32
		{8042F343-0709-45CC-90A6-97BE1A70FC37}.Debug|x64.ActiveCfg = Debug|x64
		{8042F343-0709-45CC-90A6-97BE1A70FC37}.Debug|x64.Build.0 = Debug|x64
		{8042F343-0709-45CC-90A6-97BE1A70FC37}.Profile|Win32.ActiveCfg = Profile|Win32
		{8042F343-0709-45CC-90A6-97BE1A70FC37}.Profile|Win32.Build.0 = Profile|Win32
		{8042F343-0709-45CC-90A6-97BE1A70FC37}.Profile|x64.ActiveCfg = Profile|x64
		{8042F343-0709-45CC-90A6-97BE1A70FC37}.Profile|x64.Build.0 = Profile|x64
		{8042F343-0709-45CC-90A6-97BE1A70FC37}.Release|Win32.ActiveCfg = Release|Win32
		{8042F343-0709-45CC-90A6-97BE1A70FC37}.Release|Win32.Build.0 = Release|Win32
		{8042F343-0709-45CC-90A6-97BE1A70FC37}.Release|x64.ActiveCfg = Release|x64
		{8042F343-0709-45CC-90A6-97BE1A70FC37}.Release|x64.Build.0 = Release|x64
		{8CD71BD6-5888-45A3-B49A-03090213E17E}.Debug|Win32.ActiveCfg = Debug|Win32
		{8CD71BD6-5888-45A3-B49A-03090213E17E}.Debug|Win32.Build.0 = Debug|Win32
		{8CD71BD6-5888-45A3-B49A-03090213E17E}.Debug|x64.ActiveCfg = Debug|x64
		{8CD71BD6-5888-45A3-B49A-03090213E17E}.Debug|x64.Build.0 = Debug|x64
		{8CD71BD6-5888-45A3-B49A-03090213E17E}.Profile|Win32.ActiveCfg = Release|Win32
		{8CD71BD6-5888-45A3-B49A-03090213E17E}.Profile|Win32.Build.0 = Release|Win32
		{8CD71BD6-5888-45A3-B49A-03090213E17E}.Profile|x64.ActiveCfg = Release|Win32
		{8CD71BD6-5888-45A3-B49A-03090213E17E}.Release|Win32.ActiveCfg = Release|Win32
		{8CD71BD6-5888-45A3-B49A-03090213E17E}.Release|Win32.Build.0 = Release|Win32
		{8CD71BD6-5888-45A3-B49A-03090213E17E}.Release|x64.ActiveCfg = Release|x64
		{8CD71BD6-5888-45A3-B49A-03090213E17E}.Release|x64.Build.0 = Release|x64
		{663EFF8C-1286-4E41-B18A-73039BD7D544}.Debug|Win32.ActiveCfg = Debug|Win32
		{663EFF8C-1286-4E41-B18A-73039BD7D544}.Debug|Win32.Build.0 = Debug|Win32
		{663EFF8C-1286-4E41-B18A-73039BD7D544}.Debug|x64.ActiveCfg = Debug|x64
		{663EFF8C-1286-4E41-B18A-73039BD7D544}.Debug|x64.Build.0 = Debug|x64
		{663EFF8C-1286-4E41-B18A-73039BD7D544}.Profile|Win32.ActiveCfg = Release|x64
		{663EFF8C-1286-4E41-B18A-73039BD7D544}.Profile|x64.ActiveCfg = Release|x64
		{663EFF8C-1286-4E41-B18A-73039BD7D544}.Profile|x64.Build.0 = Release|x64
		{663EFF8C-1286-4E41-B18A-73039BD7D544}.Release|Win32.ActiveCfg = Release|Win32
		{663EFF8C-1286-4E41-B18A-73039BD7D544}.Release|Win32.Build.0 = Release|Win32
		{663EFF8C-1286-4E41-B18A-73039BD7D544}.Release|x64.ActiveCfg = Release|x64
		{663EFF8C-1286-4E41-B18A-73039BD7D544}.Release|x64.Build.0 = Release|x64
		{E8657E0C-0DAD-4ABD-A464-7A8E8B890E6F}.Debug|Win32.ActiveCfg = Debug|Win32
		{E8657E0C-0DAD-4ABD-A464-7A8E8B890E6F}.Debug|Win32.Build.0 = Debug|Win32
		{E8657E0C-0DAD-4ABD-A464-7A8E8B890E6F}.Debug|x64.ActiveCfg = Debug|x64
		{E8657E0C-0DAD-4ABD-A464-7A8E8B890E6F}.Debug|x64.Build.0 = Debug|x64
		{E8657E0C-0DAD-4ABD-A464-7A8E8B890E6F}.Profile|Win32.ActiveCfg = Profile|Win32
		{E8657E0C-0DAD-4ABD-A464-7A8E8B890E6F}.Profile|Win32.Build.0 = Profile|Win32
		{E8657E0C-0DAD-4ABD-A464-7A8E8B890E6F}.Profile|x64.ActiveCfg = Profile|x64
		{E8657E0C-0DAD-4ABD-A464-7A8E8B890E6F}.Profile|x64.Build.0 = Profile|x64
		{E8657E0C-0DAD-4ABD-A464-7A8E8B890E6F}.Release|Win32.ActiveCfg = Release|Win32
		{E8657E0C-0DAD-4ABD-A464-7A8E8B890E6F}.Release|Win32.Build.0 = Release|Win32
		{E8657E0C-0DAD-4ABD-A464-7A8E8B890E6F}.Release|x64.ActiveCfg = Release|x64
		{E8657E0C-0DAD-4ABD-A464-7A8E8B890E6F}.Release|x64.Build.0 = Release|x64
		{3004A4E6-3542-40B1-9B15-331862819988}.Debug|Win32.ActiveCfg = Debug|Win32
		{3004A4E6-3542-40B1-9B15-331862819988}.Debug|Win32.Build.0 = Debug|Win32
		{3004A4E6-3542-40B1-9B15-331862819988}.Debug|x64.ActiveCfg = Debug|x64
		{3004A4E6-3542-40B1-9B15-331862819988}.Debug|x64.Build.0 = Debug|x64
		{3004A4E6-3542-40B1-9B15-331862819988}.Profile|Win32.ActiveCfg = Release|Win32
		{3004A4E6-3542-40B1-9B15-331862819988}.Profile|Win32.Build.0 = Release|Win32
		{3004A4E6-3542-40B1-9B15-331862819988}.Profile|x64.ActiveCfg = Release|Win32
		{3004A4E6-3542-40B1-9B15-331862819988}.Release|Win32.ActiveCfg = Release|Win32
		{3004A4E6-3542-40B1-9B15-331862819988}.Release|Win32.Build.0 = Release|Win32
		{3004A4E6-3542-40B1-9B15-331862819988}.Release|x64.ActiveCfg = Release|x64
		{3004A4E6-3542-40B1-9B15-331862819988}.Release|x64.Build.0 = Release|x64
	EndGlobalSection
	GlobalSection(SolutionProperties) = preSolution
		HideSolutionNode = FALSE
	EndGlobalSection
EndGlobal
