<?xml version="1.0" encoding="utf-8"?>
<Project ToolsVersion="4.0" xmlns="http://schemas.microsoft.com/developer/msbuild/2003">
  <ItemGroup>
    <ClCompile Include="AboutDlg.cpp">
      <Filter>Source Files</Filter>
    </ClCompile>
    <ClCompile Include="BridgeLink.cpp">
      <Filter>Source Files</Filter>
    </ClCompile>
    <ClCompile Include="ConfigureBridgeLinkDlg.cpp">
      <Filter>Source Files</Filter>
    </ClCompile>
    <ClCompile Include="ConfigureBridgeLinkPage.cpp">
      <Filter>Source Files</Filter>
    </ClCompile>
    <ClCompile Include="MainFrm.cpp">
      <Filter>Source Files</Filter>
    </ClCompile>
    <ClCompile Include="ScreenSizeDlg.cpp">
      <Filter>Source Files</Filter>
    </ClCompile>
    <ClCompile Include="StdAfx.cpp">
      <Filter>Source Files</Filter>
    </ClCompile>
  </ItemGroup>
  <ItemGroup>
    <ClInclude Include="Documentation\BridgeLink.hh" />
    <ClInclude Include="BridgeLink.h">
      <Filter>Header Files</Filter>
    </ClInclude>
    <ClInclude Include="AboutDlg.h">
      <Filter>Header Files</Filter>
    </ClInclude>
    <ClInclude Include="Include\BridgeLinkCommandIDs.h">
      <Filter>Header Files</Filter>
    </ClInclude>
    <ClInclude Include="Include\BridgeLinkConfiguration.h">
      <Filter>Header Files</Filter>
    </ClInclude>
    <ClInclude Include="Include\BridgeLinkCATID.h">
      <Filter>Header Files</Filter>
    </ClInclude>
    <ClInclude Include="Include\BridgeLinkVersion.h">
      <Filter>Header Files</Filter>
    </ClInclude>
    <ClInclude Include="ConfigureBridgeLinkDlg.h">
      <Filter>Header Files</Filter>
    </ClInclude>
    <ClInclude Include="ConfigureBridgeLinkPage.h">
      <Filter>Header Files</Filter>
    </ClInclude>
    <ClInclude Include="MainFrm.h">
      <Filter>Header Files</Filter>
    </ClInclude>
    <ClInclude Include="ScreenSizeDlg.h">
      <Filter>Header Files</Filter>
    </ClInclude>
    <ClInclude Include="StdAfx.h">
      <Filter>Header Files</Filter>
    </ClInclude>
    <ClInclude Include="Include\StartPageWndProvider.h">
      <Filter>Header Files</Filter>
    </ClInclude>
  </ItemGroup>
  <ItemGroup>
    <Image Include="res\BridgeLink.ico">
      <Filter>Resource Files</Filter>
    </Image>
    <Image Include="res\BridgeLinkDoc.ico">
      <Filter>Resource Files</Filter>
    </Image>
    <Image Include="res\bss.ico">
      <Filter>Resource Files</Filter>
    </Image>
    <Image Include="res\ConfigurationHeader.bmp">
      <Filter>Resource Files</Filter>
    </Image>
    <Image Include="res\ConfigurationWatermark.bmp">
      <Filter>Resource Files</Filter>
    </Image>
    <Image Include="res\KDOT.ico">
      <Filter>Resource Files</Filter>
    </Image>
    <Image Include="res\splash.bmp">
      <Filter>Resource Files</Filter>
    </Image>
    <Image Include="res\start.jpg">
      <Filter>Resource Files</Filter>
    </Image>
    <Image Include="res\txdot.ico">
      <Filter>Resource Files</Filter>
    </Image>
    <Image Include="res\Wsdot.ico">
      <Filter>Resource Files</Filter>
    </Image>
  </ItemGroup>
  <ItemGroup>
    <None Include="res\BridgeLink.rc2">
      <Filter>Resource Files</Filter>
    </None>
    <None Include="BridgeLink.tip">
      <Filter>Resource Files</Filter>
    </None>
  </ItemGroup>
  <ItemGroup>
    <Filter Include="Header Files">
      <UniqueIdentifier>{b2716aef-7b45-47b8-ae3e-c2bf16206c78}</UniqueIdentifier>
      <Extensions>h;hpp;hxx;hm;inl</Extensions>
    </Filter>
    <Filter Include="Source Files">
      <UniqueIdentifier>{9bae831d-01b6-426d-bb79-ffe28adcd1b9}</UniqueIdentifier>
      <Extensions>cpp;c;cxx;rc;def;r;odl;idl;hpj;bat</Extensions>
    </Filter>
    <Filter Include="Resource Files">
      <UniqueIdentifier>{1b9f609d-a3cc-4593-be4d-d8eeafd0879e}</UniqueIdentifier>
      <Extensions>ico;cur;bmp;dlg;rc2;rct;bin;rgs;gif;jpg;jpeg;jpe</Extensions>
    </Filter>
  </ItemGroup>
  <ItemGroup>
    <CustomBuild Include="Resource.h">
      <Filter>Header Files</Filter>
    </CustomBuild>
  </ItemGroup>
  <ItemGroup>
    <ResourceCompile Include="BridgeLink.rc">
      <Filter>Resource Files</Filter>
    </ResourceCompile>
  </ItemGroup>
</Project>